{
    "name": "schema-consumer",
    "version": "1.0.0",
    "lockfileVersion": 3,
    "requires": true,
    "packages": {
        "": {
            "name": "schema-consumer",
            "version": "1.0.0",
            "license": "ISC",
            "dependencies": {
                "@sasaki-s-sci/schema-provider": "0.0.20260105181732"
            },
            "devDependencies": {
                "typescript": "^5.9.3"
            }
        },
        "node_modules/@sasaki-s-sci/schema-provider": {
            "version": "0.0.20260105181732",
            "resolved": "https://npm.pkg.github.com/download/@sasaki-s-sci/schema-provider/0.0.20260105181732/d752df78a4649c7c0bf332c9fba6874aac29b722",
            "integrity": "sha512-Lh+/zO5y3fXFnmj2qGW1y4zi6Y67LKwIE67bQImSHQwxjU74+wDTuh89jyCHimiPPh0ArndH+NCLkAuTmJqzBA==",
            "license": "ISC"
        },
        "node_modules/typescript": {
            "version": "5.9.3",
            "resolved": "https://registry.npmjs.org/typescript/-/typescript-5.9.3.tgz",
            "integrity": "sha512-jl1vZzPDinLr9eUt3J/t7V6FgNEw9QjvBPdysz9KfQDD41fQrC2Y4vKQdiaUpFT4bXlb1RHhLpp8wtm6M5TgSw==",
            "dev": true,
            "license": "Apache-2.0",
            "bin": {
                "tsc": "bin/tsc",
                "tsserver": "bin/tsserver"
            },
            "engines": {
                "node": ">=14.17"
            }
        }
    }
}
