{
    "name": "schema-consumer",
    "version": "1.0.0",
    "lockfileVersion": 3,
    "requires": true,
    "packages": {
        "": {
            "name": "schema-consumer",
            "version": "1.0.0",
            "license": "ISC",
            "dependencies": {
                "@sasaki-s-sci/schema-provider": "0.0.20260105134004"
            },
            "devDependencies": {
                "typescript": "^5.9.3"
            }
        },
        "node_modules/@sasaki-s-sci/schema-provider": {
            "version": "0.0.20260105134004",
            "resolved": "https://npm.pkg.github.com/download/@sasaki-s-sci/schema-provider/0.0.20260105134004/2efff1ffadf6c07fae277d3794e05c6993ae94f4",
            "integrity": "sha512-xI8nk/ugaYY/xDPl9vFikAvwfvF1Hny4rPkS37/H32zQVFA5EIOk+6tWSXkIOtxK3nOPamTo5O5NzBZVwsnA7w==",
            "license": "ISC"
        },
        "node_modules/typescript": {
            "version": "5.9.3",
            "resolved": "https://registry.npmjs.org/typescript/-/typescript-5.9.3.tgz",
            "integrity": "sha512-jl1vZzPDinLr9eUt3J/t7V6FgNEw9QjvBPdysz9KfQDD41fQrC2Y4vKQdiaUpFT4bXlb1RHhLpp8wtm6M5TgSw==",
            "dev": true,
            "license": "Apache-2.0",
            "bin": {
                "tsc": "bin/tsc",
                "tsserver": "bin/tsserver"
            },
            "engines": {
                "node": ">=14.17"
            }
        }
    }
}
