{
    "name": "schema-consumer",
    "version": "1.0.0",
    "lockfileVersion": 3,
    "requires": true,
    "packages": {
        "": {
            "name": "schema-consumer",
            "version": "1.0.0",
            "license": "ISC",
            "dependencies": {
                "@sasaki-s-sci/schema-provider": "0.0.20260105180856"
            },
            "devDependencies": {
                "typescript": "^5.9.3"
            }
        },
        "node_modules/@sasaki-s-sci/schema-provider": {
            "version": "0.0.20260105180856",
            "resolved": "https://npm.pkg.github.com/download/@sasaki-s-sci/schema-provider/0.0.20260105180856/9fe3268390d1422d2605c30b0c54a7ddf0d2922f",
            "integrity": "sha512-it+fb2uNOQTYKQIoXORUH3r8nRsosGE6KH93OeKVq2TEDz3EaVAAXUusJ0DwyO1JlU8SXUQTwRHB3SAWUt1uzQ==",
            "license": "ISC"
        },
        "node_modules/typescript": {
            "version": "5.9.3",
            "resolved": "https://registry.npmjs.org/typescript/-/typescript-5.9.3.tgz",
            "integrity": "sha512-jl1vZzPDinLr9eUt3J/t7V6FgNEw9QjvBPdysz9KfQDD41fQrC2Y4vKQdiaUpFT4bXlb1RHhLpp8wtm6M5TgSw==",
            "dev": true,
            "license": "Apache-2.0",
            "bin": {
                "tsc": "bin/tsc",
                "tsserver": "bin/tsserver"
            },
            "engines": {
                "node": ">=14.17"
            }
        }
    }
}
